<?xml version="1.0" encoding="utf-8"?>
<Project ToolsVersion="4.0" xmlns="http://schemas.microsoft.com/developer/msbuild/2003">
  <ItemGroup>
    <Filter Include="main">
      <UniqueIdentifier>{624cc67f-169e-4818-80ad-a95bb11d264c}</UniqueIdentifier>
    </Filter>
    <Filter Include="_arSocket">
      <UniqueIdentifier>{858f6354-231a-419f-b35b-bcdaf0b9d008}</UniqueIdentifier>
    </Filter>
    <Filter Include="temp">
      <UniqueIdentifier>{4065496d-162f-4f31-a1c7-804b0ad135e9}</UniqueIdentifier>
    </Filter>
    <Filter Include="Gomoku">
      <UniqueIdentifier>{009fc911-ba19-41aa-9c74-80a1a903aa73}</UniqueIdentifier>
    </Filter>
  </ItemGroup>
  <ItemGroup>
    <ClCompile Include="..\..\arSocket\arJSON.cpp">
      <Filter>_arSocket</Filter>
    </ClCompile>
    <ClCompile Include="..\..\arSocket\arSocket.cpp">
      <Filter>_arSocket</Filter>
    </ClCompile>
    <ClCompile Include="..\..\arSocket\AsyncConnector.cpp">
      <Filter>_arSocket</Filter>
    </ClCompile>
    <ClCompile Include="..\..\arSocket\JSON_Based_Socket.cpp">
      <Filter>_arSocket</Filter>
    </ClCompile>
    <ClCompile Include="..\..\arSocket\SocketReciver.cpp">
      <Filter>_arSocket</Filter>
    </ClCompile>
    <ClCompile Include="main.cpp">
      <Filter>main</Filter>
    </ClCompile>
    <ClCompile Include="stdafx.cpp">
      <Filter>main</Filter>
    </ClCompile>
    <ClCompile Include="GomokuRoom.cpp">
      <Filter>temp</Filter>
    </ClCompile>
    <ClCompile Include="GomokuLobby.cpp">
      <Filter>temp</Filter>
    </ClCompile>
    <ClCompile Include="Gomoku.cpp">
      <Filter>Gomoku</Filter>
    </ClCompile>
  </ItemGroup>
  <ItemGroup>
    <ClInclude Include="..\..\arSocket\arJSON.h">
      <Filter>_arSocket</Filter>
    </ClInclude>
    <ClInclude Include="..\..\arSocket\arSocket.h">
      <Filter>_arSocket</Filter>
    </ClInclude>
    <ClInclude Include="..\..\arSocket\AsyncConnector.h">
      <Filter>_arSocket</Filter>
    </ClInclude>
    <ClInclude Include="..\..\arSocket\JSON_Based_Socket.h">
      <Filter>_arSocket</Filter>
    </ClInclude>
    <ClInclude Include="..\..\arSocket\SocketReciver.h">
      <Filter>_arSocket</Filter>
    </ClInclude>
    <ClInclude Include="stdafx.h">
      <Filter>main</Filter>
    </ClInclude>
    <ClInclude Include="GomokuRoom.h">
      <Filter>temp</Filter>
    </ClInclude>
    <ClInclude Include="GomokuLobby.h">
      <Filter>temp</Filter>
    </ClInclude>
    <ClInclude Include="Gomoku.h">
      <Filter>Gomoku</Filter>
    </ClInclude>
  </ItemGroup>
  <ItemGroup>
    <None Include="..\..\arSocket\arJSON.inl">
      <Filter>_arSocket</Filter>
    </None>
    <None Include="..\..\arSocket\arSocket.inl">
      <Filter>_arSocket</Filter>
    </None>
  </ItemGroup>
  <ItemGroup>
    <Text Include="memo.txt" />
  </ItemGroup>
</Project>