<?xml version="1.0" encoding="utf-8"?>
<Project ToolsVersion="4.0" xmlns="http://schemas.microsoft.com/developer/msbuild/2003">
  <ItemGroup>
    <Filter Include="_arSocket">
      <UniqueIdentifier>{a9e08863-579c-424b-b6d1-b8af60af4b94}</UniqueIdentifier>
    </Filter>
    <Filter Include="main">
      <UniqueIdentifier>{312b61c1-1c0a-43f6-b509-dac31ac6b22a}</UniqueIdentifier>
    </Filter>
    <Filter Include="temp">
      <UniqueIdentifier>{54a8e6a7-d201-4886-b13c-161c64954408}</UniqueIdentifier>
    </Filter>
  </ItemGroup>
  <ItemGroup>
    <ClCompile Include="..\..\arSocket\arJSON.cpp">
      <Filter>_arSocket</Filter>
    </ClCompile>
    <ClCompile Include="..\..\arSocket\arSocket.cpp">
      <Filter>_arSocket</Filter>
    </ClCompile>
    <ClCompile Include="..\..\arSocket\AsyncConnector.cpp">
      <Filter>_arSocket</Filter>
    </ClCompile>
    <ClCompile Include="..\..\arSocket\JSON_Based_Socket.cpp">
      <Filter>_arSocket</Filter>
    </ClCompile>
    <ClCompile Include="..\..\arSocket\SocketReciver.cpp">
      <Filter>_arSocket</Filter>
    </ClCompile>
    <ClCompile Include="main.cpp">
      <Filter>main</Filter>
    </ClCompile>
    <ClCompile Include="stdafx.cpp">
      <Filter>main</Filter>
    </ClCompile>
    <ClCompile Include="Scene.cpp">
      <Filter>temp</Filter>
    </ClCompile>
    <ClCompile Include="GomokuLobby.cpp">
      <Filter>temp</Filter>
    </ClCompile>
    <ClCompile Include="Singleton.cpp" />
    <ClCompile Include="ProcessManager.cpp">
      <Filter>main</Filter>
    </ClCompile>
    <ClCompile Include="MainLoop.cpp">
      <Filter>main</Filter>
    </ClCompile>
    <ClCompile Include="SceneManager.cpp" />
    <ClCompile Include="GomokuTitle.cpp">
      <Filter>temp</Filter>
    </ClCompile>
  </ItemGroup>
  <ItemGroup>
    <ClInclude Include="..\..\arSocket\arJSON.h">
      <Filter>_arSocket</Filter>
    </ClInclude>
    <ClInclude Include="..\..\arSocket\arSocket.h">
      <Filter>_arSocket</Filter>
    </ClInclude>
    <ClInclude Include="..\..\arSocket\AsyncConnector.h">
      <Filter>_arSocket</Filter>
    </ClInclude>
    <ClInclude Include="..\..\arSocket\JSON_Based_Socket.h">
      <Filter>_arSocket</Filter>
    </ClInclude>
    <ClInclude Include="..\..\arSocket\SocketReciver.h">
      <Filter>_arSocket</Filter>
    </ClInclude>
    <ClInclude Include="stdafx.h">
      <Filter>main</Filter>
    </ClInclude>
    <ClInclude Include="Scene.h">
      <Filter>temp</Filter>
    </ClInclude>
    <ClInclude Include="GomokuLobby.h">
      <Filter>temp</Filter>
    </ClInclude>
    <ClInclude Include="Singleton.h" />
    <ClInclude Include="ProcessManager.h">
      <Filter>main</Filter>
    </ClInclude>
    <ClInclude Include="MainLoop.h">
      <Filter>main</Filter>
    </ClInclude>
    <ClInclude Include="SceneManager.h" />
    <ClInclude Include="GomokuTitle.h">
      <Filter>temp</Filter>
    </ClInclude>
    <ClInclude Include="Resource.h">
      <Filter>main</Filter>
    </ClInclude>
  </ItemGroup>
  <ItemGroup>
    <None Include="..\..\arSocket\arJSON.inl">
      <Filter>_arSocket</Filter>
    </None>
    <None Include="..\..\arSocket\arSocket.inl">
      <Filter>_arSocket</Filter>
    </None>
  </ItemGroup>
  <ItemGroup>
    <Text Include="memo.txt" />
  </ItemGroup>
</Project>